// !$*UTF8*$!
{
	archiveVersion = 1;
	classes = {
	};
	objectVersion = 56;
	objects = {

/* Begin PBXBuildFile section */
		A287B0542B86387000712FA4 /* GenericAPILayerApp.swift in Sources */ = {isa = PBXBuildFile; fileRef = A287B0532B86387000712FA4 /* GenericAPILayerApp.swift */; };
		A287B0582B86387100712FA4 /* Assets.xcassets in Resources */ = {isa = PBXBuildFile; fileRef = A287B0572B86387100712FA4 /* Assets.xcassets */; };
		A287B05B2B86387100712FA4 /* Preview Assets.xcassets in Resources */ = {isa = PBXBuildFile; fileRef = A287B05A2B86387100712FA4 /* Preview Assets.xcassets */; };
		A287B0632B8638D300712FA4 /* HTTP.swift in Sources */ = {isa = PBXBuildFile; fileRef = A287B0622B8638D300712FA4 /* HTTP.swift */; };
		A287B0652B8638E800712FA4 /* Endpoint.swift in Sources */ = {isa = PBXBuildFile; fileRef = A287B0642B8638E800712FA4 /* Endpoint.swift */; };
		A287B0682B86393A00712FA4 /* Post.swift in Sources */ = {isa = PBXBuildFile; fileRef = A287B0672B86393A00712FA4 /* Post.swift */; };
		A287B06B2B8639BE00712FA4 /* Constants.swift in Sources */ = {isa = PBXBuildFile; fileRef = A287B06A2B8639BE00712FA4 /* Constants.swift */; };
		A287B06D2B863AB700712FA4 /* APIService.swift in Sources */ = {isa = PBXBuildFile; fileRef = A287B06C2B863AB700712FA4 /* APIService.swift */; };
		A2A58A932B8BCEA400D886A4 /* TodosView.swift in Sources */ = {isa = PBXBuildFile; fileRef = A2A58A922B8BCEA400D886A4 /* TodosView.swift */; };
		A2A58A952B8BCEB800D886A4 /* PostsView.swift in Sources */ = {isa = PBXBuildFile; fileRef = A2A58A942B8BCEB800D886A4 /* PostsView.swift */; };
		A2A58A972B8BCED200D886A4 /* TodosViewModel.swift in Sources */ = {isa = PBXBuildFile; fileRef = A2A58A962B8BCED200D886A4 /* TodosViewModel.swift */; };
		A2A58A992B8BCEE800D886A4 /* PostsViewModel.swift in Sources */ = {isa = PBXBuildFile; fileRef = A2A58A982B8BCEE800D886A4 /* PostsViewModel.swift */; };
/* End PBXBuildFile section */

/* Begin PBXFileReference section */
		A287B0502B86387000712FA4 /* GenericAPILayer.app */ = {isa = PBXFileReference; explicitFileType = wrapper.application; includeInIndex = 0; path = GenericAPILayer.app; sourceTree = BUILT_PRODUCTS_DIR; };
		A287B0532B86387000712FA4 /* GenericAPILayerApp.swift */ = {isa = PBXFileReference; lastKnownFileType = sourcecode.swift; path = GenericAPILayerApp.swift; sourceTree = "<group>"; };
		A287B0572B86387100712FA4 /* Assets.xcassets */ = {isa = PBXFileReference; lastKnownFileType = folder.assetcatalog; path = Assets.xcassets; sourceTree = "<group>"; };
		A287B05A2B86387100712FA4 /* Preview Assets.xcassets */ = {isa = PBXFileReference; lastKnownFileType = folder.assetcatalog; path = "Preview Assets.xcassets"; sourceTree = "<group>"; };
		A287B0622B8638D300712FA4 /* HTTP.swift */ = {isa = PBXFileReference; lastKnownFileType = sourcecode.swift; path = HTTP.swift; sourceTree = "<group>"; };
		A287B0642B8638E800712FA4 /* Endpoint.swift */ = {isa = PBXFileReference; lastKnownFileType = sourcecode.swift; path = Endpoint.swift; sourceTree = "<group>"; };
		A287B0672B86393A00712FA4 /* Post.swift */ = {isa = PBXFileReference; lastKnownFileType = sourcecode.swift; path = Post.swift; sourceTree = "<group>"; };
		A287B06A2B8639BE00712FA4 /* Constants.swift */ = {isa = PBXFileReference; lastKnownFileType = sourcecode.swift; path = Constants.swift; sourceTree = "<group>"; };
		A287B06C2B863AB700712FA4 /* APIService.swift */ = {isa = PBXFileReference; lastKnownFileType = sourcecode.swift; path = APIService.swift; sourceTree = "<group>"; };
		A2A58A922B8BCEA400D886A4 /* TodosView.swift */ = {isa = PBXFileReference; lastKnownFileType = sourcecode.swift; path = TodosView.swift; sourceTree = "<group>"; };
		A2A58A942B8BCEB800D886A4 /* PostsView.swift */ = {isa = PBXFileReference; lastKnownFileType = sourcecode.swift; path = PostsView.swift; sourceTree = "<group>"; };
		A2A58A962B8BCED200D886A4 /* TodosViewModel.swift */ = {isa = PBXFileReference; lastKnownFileType = sourcecode.swift; path = TodosViewModel.swift; sourceTree = "<group>"; };
		A2A58A982B8BCEE800D886A4 /* PostsViewModel.swift */ = {isa = PBXFileReference; lastKnownFileType = sourcecode.swift; path = PostsViewModel.swift; sourceTree = "<group>"; };
/* End PBXFileReference section */

/* Begin PBXFrameworksBuildPhase section */
		A287B04D2B86387000712FA4 /* Frameworks */ = {
			isa = PBXFrameworksBuildPhase;
			buildActionMask = 2147483647;
			files = (
			);
			runOnlyForDeploymentPostprocessing = 0;
		};
/* End PBXFrameworksBuildPhase section */

/* Begin PBXGroup section */
		A287B0472B86387000712FA4 = {
			isa = PBXGroup;
			children = (
				A287B0522B86387000712FA4 /* GenericAPILayer */,
				A287B0512B86387000712FA4 /* Products */,
			);
			sourceTree = "<group>";
		};
		A287B0512B86387000712FA4 /* Products */ = {
			isa = PBXGroup;
			children = (
				A287B0502B86387000712FA4 /* GenericAPILayer.app */,
			);
			name = Products;
			sourceTree = "<group>";
		};
		A287B0522B86387000712FA4 /* GenericAPILayer */ = {
			isa = PBXGroup;
			children = (
				A287B06F2B86814800712FA4 /* ViewModel */,
				A287B06E2B86813D00712FA4 /* View */,
				A287B0612B8638AF00712FA4 /* API */,
				A287B0662B86391D00712FA4 /* Post */,
				A287B0692B8639AA00712FA4 /* Util */,
				A287B0572B86387100712FA4 /* Assets.xcassets */,
				A287B0592B86387100712FA4 /* Preview Content */,
			);
			path = GenericAPILayer;
			sourceTree = "<group>";
		};
		A287B0592B86387100712FA4 /* Preview Content */ = {
			isa = PBXGroup;
			children = (
				A287B05A2B86387100712FA4 /* Preview Assets.xcassets */,
			);
			path = "Preview Content";
			sourceTree = "<group>";
		};
		A287B0612B8638AF00712FA4 /* API */ = {
			isa = PBXGroup;
			children = (
				A287B0622B8638D300712FA4 /* HTTP.swift */,
				A287B0642B8638E800712FA4 /* Endpoint.swift */,
				A287B06C2B863AB700712FA4 /* APIService.swift */,
			);
			path = API;
			sourceTree = "<group>";
		};
		A287B0662B86391D00712FA4 /* Post */ = {
			isa = PBXGroup;
			children = (
				A287B0672B86393A00712FA4 /* Post.swift */,
			);
			path = Post;
			sourceTree = "<group>";
		};
		A287B0692B8639AA00712FA4 /* Util */ = {
			isa = PBXGroup;
			children = (
				A287B06A2B8639BE00712FA4 /* Constants.swift */,
			);
			path = Util;
			sourceTree = "<group>";
		};
		A287B06E2B86813D00712FA4 /* View */ = {
			isa = PBXGroup;
			children = (
				A287B0532B86387000712FA4 /* GenericAPILayerApp.swift */,
				A2A58A922B8BCEA400D886A4 /* TodosView.swift */,
				A2A58A942B8BCEB800D886A4 /* PostsView.swift */,
			);
			path = View;
			sourceTree = "<group>";
		};
		A287B06F2B86814800712FA4 /* ViewModel */ = {
			isa = PBXGroup;
			children = (
				A2A58A962B8BCED200D886A4 /* TodosViewModel.swift */,
				A2A58A982B8BCEE800D886A4 /* PostsViewModel.swift */,
			);
			path = ViewModel;
			sourceTree = "<group>";
		};
/* End PBXGroup section */

/* Begin PBXNativeTarget section */
		A287B04F2B86387000712FA4 /* GenericAPILayer */ = {
			isa = PBXNativeTarget;
			buildConfigurationList = A287B05E2B86387100712FA4 /* Build configuration list for PBXNativeTarget "GenericAPILayer" */;
			buildPhases = (
				A287B04C2B86387000712FA4 /* Sources */,
				A287B04D2B86387000712FA4 /* Frameworks */,
				A287B04E2B86387000712FA4 /* Resources */,
			);
			buildRules = (
			);
			dependencies = (
			);
			name = GenericAPILayer;
			productName = GenericAPILayer;
			productReference = A287B0502B86387000712FA4 /* GenericAPILayer.app */;
			productType = "com.apple.product-type.application";
		};
/* End PBXNativeTarget section */

/* Begin PBXProject section */
		A287B0482B86387000712FA4 /* Project object */ = {
			isa = PBXProject;
			attributes = {
				BuildIndependentTargetsInParallel = 1;
				LastSwiftUpdateCheck = 1520;
				LastUpgradeCheck = 1520;
				TargetAttributes = {
					A287B04F2B86387000712FA4 = {
						CreatedOnToolsVersion = 15.2;
					};
				};
			};
			buildConfigurationList = A287B04B2B86387000712FA4 /* Build configuration list for PBXProject "GenericAPILayer" */;
			compatibilityVersion = "Xcode 14.0";
			developmentRegion = en;
			hasScannedForEncodings = 0;
			knownRegions = (
				en,
				Base,
			);
			mainGroup = A287B0472B86387000712FA4;
			productRefGroup = A287B0512B86387000712FA4 /* Products */;
			projectDirPath = "";
			projectRoot = "";
			targets = (
				A287B04F2B86387000712FA4 /* GenericAPILayer */,
			);
		};
/* End PBXProject section */

/* Begin PBXResourcesBuildPhase section */
		A287B04E2B86387000712FA4 /* Resources */ = {
			isa = PBXResourcesBuildPhase;
			buildActionMask = 2147483647;
			files = (
				A287B05B2B86387100712FA4 /* Preview Assets.xcassets in Resources */,
				A287B0582B86387100712FA4 /* Assets.xcassets in Resources */,
			);
			runOnlyForDeploymentPostprocessing = 0;
		};
/* End PBXResourcesBuildPhase section */

/* Begin PBXSourcesBuildPhase section */
		A287B04C2B86387000712FA4 /* Sources */ = {
			isa = PBXSourcesBuildPhase;
			buildActionMask = 2147483647;
			files = (
				A287B0632B8638D300712FA4 /* HTTP.swift in Sources */,
				A287B06D2B863AB700712FA4 /* APIService.swift in Sources */,
				A287B0652B8638E800712FA4 /* Endpoint.swift in Sources */,
				A287B0542B86387000712FA4 /* GenericAPILayerApp.swift in Sources */,
				A287B0682B86393A00712FA4 /* Post.swift in Sources */,
				A2A58A932B8BCEA400D886A4 /* TodosView.swift in Sources */,
				A2A58A992B8BCEE800D886A4 /* PostsViewModel.swift in Sources */,
				A2A58A952B8BCEB800D886A4 /* PostsView.swift in Sources */,
				A2A58A972B8BCED200D886A4 /* TodosViewModel.swift in Sources */,
				A287B06B2B8639BE00712FA4 /* Constants.swift in Sources */,
			);
			runOnlyForDeploymentPostprocessing = 0;
		};
/* End PBXSourcesBuildPhase section */

/* Begin XCBuildConfiguration section */
		A287B05C2B86387100712FA4 /* Debug */ = {
			isa = XCBuildConfiguration;
			buildSettings = {
				ALWAYS_SEARCH_USER_PATHS = NO;
				ASSETCATALOG_COMPILER_GENERATE_SWIFT_ASSET_SYMBOL_EXTENSIONS = YES;
				CLANG_ANALYZER_NONNULL = YES;
				CLANG_ANALYZER_NUMBER_OBJECT_CONVERSION = YES_AGGRESSIVE;
				CLANG_CXX_LANGUAGE_STANDARD = "gnu++20";
				CLANG_ENABLE_MODULES = YES;
				CLANG_ENABLE_OBJC_ARC = YES;
				CLANG_ENABLE_OBJC_WEAK = YES;
				CLANG_WARN_BLOCK_CAPTURE_AUTORELEASING = YES;
				CLANG_WARN_BOOL_CONVERSION = YES;
				CLANG_WARN_COMMA = YES;
				CLANG_WARN_CONSTANT_CONVERSION = YES;
				CLANG_WARN_DEPRECATED_OBJC_IMPLEMENTATIONS = YES;
				CLANG_WARN_DIRECT_OBJC_ISA_USAGE = YES_ERROR;
				CLANG_WARN_DOCUMENTATION_COMMENTS = YES;
				CLANG_WARN_EMPTY_BODY = YES;
				CLANG_WARN_ENUM_CONVERSION = YES;
				CLANG_WARN_INFINITE_RECURSION = YES;
				CLANG_WARN_INT_CONVERSION = YES;
				CLANG_WARN_NON_LITERAL_NULL_CONVERSION = YES;
				CLANG_WARN_OBJC_IMPLICIT_RETAIN_SELF = YES;
				CLANG_WARN_OBJC_LITERAL_CONVERSION = YES;
				CLANG_WARN_OBJC_ROOT_CLASS = YES_ERROR;
				CLANG_WARN_QUOTED_INCLUDE_IN_FRAMEWORK_HEADER = YES;
				CLANG_WARN_RANGE_LOOP_ANALYSIS = YES;
				CLANG_WARN_STRICT_PROTOTYPES = YES;
				CLANG_WARN_SUSPICIOUS_MOVE = YES;
				CLANG_WARN_UNGUARDED_AVAILABILITY = YES_AGGRESSIVE;
				CLANG_WARN_UNREACHABLE_CODE = YES;
				CLANG_WARN__DUPLICATE_METHOD_MATCH = YES;
				COPY_PHASE_STRIP = NO;
				DEBUG_INFORMATION_FORMAT = dwarf;
				ENABLE_STRICT_OBJC_MSGSEND = YES;
				ENABLE_TESTABILITY = YES;
				ENABLE_USER_SCRIPT_SANDBOXING = YES;
				GCC_C_LANGUAGE_STANDARD = gnu17;
				GCC_DYNAMIC_NO_PIC = NO;
				GCC_NO_COMMON_BLOCKS = YES;
				GCC_OPTIMIZATION_LEVEL = 0;
				GCC_PREPROCESSOR_DEFINITIONS = (
					"DEBUG=1",
					"$(inherited)",
				);
				GCC_WARN_64_TO_32_BIT_CONVERSION = YES;
				GCC_WARN_ABOUT_RETURN_TYPE = YES_ERROR;
				GCC_WARN_UNDECLARED_SELECTOR = YES;
				GCC_WARN_UNINITIALIZED_AUTOS = YES_AGGRESSIVE;
				GCC_WARN_UNUSED_FUNCTION = YES;
				GCC_WARN_UNUSED_VARIABLE = YES;
				IPHONEOS_DEPLOYMENT_TARGET = 17.2;
				LOCALIZATION_PREFERS_STRING_CATALOGS = YES;
				MTL_ENABLE_DEBUG_INFO = INCLUDE_SOURCE;
				MTL_FAST_MATH = YES;
				ONLY_ACTIVE_ARCH = YES;
				SDKROOT = iphoneos;
				SWIFT_ACTIVE_COMPILATION_CONDITIONS = "DEBUG $(inherited)";
				SWIFT_OPTIMIZATION_LEVEL = "-Onone";
			};
			name = Debug;
		};
		A287B05D2B86387100712FA4 /* Release */ = {
			isa = XCBuildConfiguration;
			buildSettings = {
				ALWAYS_SEARCH_USER_PATHS = NO;
				ASSETCATALOG_COMPILER_GENERATE_SWIFT_ASSET_SYMBOL_EXTENSIONS = YES;
				CLANG_ANALYZER_NONNULL = YES;
				CLANG_ANALYZER_NUMBER_OBJECT_CONVERSION = YES_AGGRESSIVE;
				CLANG_CXX_LANGUAGE_STANDARD = "gnu++20";
				CLANG_ENABLE_MODULES = YES;
				CLANG_ENABLE_OBJC_ARC = YES;
				CLANG_ENABLE_OBJC_WEAK = YES;
				CLANG_WARN_BLOCK_CAPTURE_AUTORELEASING = YES;
				CLANG_WARN_BOOL_CONVERSION = YES;
				CLANG_WARN_COMMA = YES;
				CLANG_WARN_CONSTANT_CONVERSION = YES;
				CLANG_WARN_DEPRECATED_OBJC_IMPLEMENTATIONS = YES;
				CLANG_WARN_DIRECT_OBJC_ISA_USAGE = YES_ERROR;
				CLANG_WARN_DOCUMENTATION_COMMENTS = YES;
				CLANG_WARN_EMPTY_BODY = YES;
				CLANG_WARN_ENUM_CONVERSION = YES;
				CLANG_WARN_INFINITE_RECURSION = YES;
				CLANG_WARN_INT_CONVERSION = YES;
				CLANG_WARN_NON_LITERAL_NULL_CONVERSION = YES;
				CLANG_WARN_OBJC_IMPLICIT_RETAIN_SELF = YES;
				CLANG_WARN_OBJC_LITERAL_CONVERSION = YES;
				CLANG_WARN_OBJC_ROOT_CLASS = YES_ERROR;
				CLANG_WARN_QUOTED_INCLUDE_IN_FRAMEWORK_HEADER = YES;
				CLANG_WARN_RANGE_LOOP_ANALYSIS = YES;
				CLANG_WARN_STRICT_PROTOTYPES = YES;
				CLANG_WARN_SUSPICIOUS_MOVE = YES;
				CLANG_WARN_UNGUARDED_AVAILABILITY = YES_AGGRESSIVE;
				CLANG_WARN_UNREACHABLE_CODE = YES;
				CLANG_WARN__DUPLICATE_METHOD_MATCH = YES;
				COPY_PHASE_STRIP = NO;
				DEBUG_INFORMATION_FORMAT = "dwarf-with-dsym";
				ENABLE_NS_ASSERTIONS = NO;
				ENABLE_STRICT_OBJC_MSGSEND = YES;
				ENABLE_USER_SCRIPT_SANDBOXING = YES;
				GCC_C_LANGUAGE_STANDARD = gnu17;
				GCC_NO_COMMON_BLOCKS = YES;
				GCC_WARN_64_TO_32_BIT_CONVERSION = YES;
				GCC_WARN_ABOUT_RETURN_TYPE = YES_ERROR;
				GCC_WARN_UNDECLARED_SELECTOR = YES;
				GCC_WARN_UNINITIALIZED_AUTOS = YES_AGGRESSIVE;
				GCC_WARN_UNUSED_FUNCTION = YES;
				GCC_WARN_UNUSED_VARIABLE = YES;
				IPHONEOS_DEPLOYMENT_TARGET = 17.2;
				LOCALIZATION_PREFERS_STRING_CATALOGS = YES;
				MTL_ENABLE_DEBUG_INFO = NO;
				MTL_FAST_MATH = YES;
				SDKROOT = iphoneos;
				SWIFT_COMPILATION_MODE = wholemodule;
				VALIDATE_PRODUCT = YES;
			};
			name = Release;
		};
		A287B05F2B86387100712FA4 /* Debug */ = {
			isa = XCBuildConfiguration;
			buildSettings = {
				ASSETCATALOG_COMPILER_APPICON_NAME = AppIcon;
				ASSETCATALOG_COMPILER_GLOBAL_ACCENT_COLOR_NAME = AccentColor;
				CODE_SIGN_STYLE = Automatic;
				CURRENT_PROJECT_VERSION = 1;
				DEVELOPMENT_ASSET_PATHS = "\"GenericAPILayer/Preview Content\"";
				DEVELOPMENT_TEAM = 4K9P34469L;
				ENABLE_PREVIEWS = YES;
				GENERATE_INFOPLIST_FILE = YES;
				INFOPLIST_KEY_UIApplicationSceneManifest_Generation = YES;
				INFOPLIST_KEY_UIApplicationSupportsIndirectInputEvents = YES;
				INFOPLIST_KEY_UILaunchScreen_Generation = YES;
				INFOPLIST_KEY_UISupportedInterfaceOrientations_iPad = "UIInterfaceOrientationPortrait UIInterfaceOrientationPortraitUpsideDown UIInterfaceOrientationLandscapeLeft UIInterfaceOrientationLandscapeRight";
				INFOPLIST_KEY_UISupportedInterfaceOrientations_iPhone = "UIInterfaceOrientationPortrait UIInterfaceOrientationLandscapeLeft UIInterfaceOrientationLandscapeRight";
				LD_RUNPATH_SEARCH_PATHS = (
					"$(inherited)",
					"@executable_path/Frameworks",
				);
				MARKETING_VERSION = 1.0;
				PRODUCT_BUNDLE_IDENTIFIER = com.elementxtech.GenericAPILayer;
				PRODUCT_NAME = "$(TARGET_NAME)";
				SWIFT_EMIT_LOC_STRINGS = YES;
				SWIFT_VERSION = 5.0;
				TARGETED_DEVICE_FAMILY = "1,2";
			};
			name = Debug;
		};
		A287B0602B86387100712FA4 /* Release */ = {
			isa = XCBuildConfiguration;
			buildSettings = {
				ASSETCATALOG_COMPILER_APPICON_NAME = AppIcon;
				ASSETCATALOG_COMPILER_GLOBAL_ACCENT_COLOR_NAME = AccentColor;
				CODE_SIGN_STYLE = Automatic;
				CURRENT_PROJECT_VERSION = 1;
				DEVELOPMENT_ASSET_PATHS = "\"GenericAPILayer/Preview Content\"";
				DEVELOPMENT_TEAM = 4K9P34469L;
				ENABLE_PREVIEWS = YES;
				GENERATE_INFOPLIST_FILE = YES;
				INFOPLIST_KEY_UIApplicationSceneManifest_Generation = YES;
				INFOPLIST_KEY_UIApplicationSupportsIndirectInputEvents = YES;
				INFOPLIST_KEY_UILaunchScreen_Generation = YES;
				INFOPLIST_KEY_UISupportedInterfaceOrientations_iPad = "UIInterfaceOrientationPortrait UIInterfaceOrientationPortraitUpsideDown UIInterfaceOrientationLandscapeLeft UIInterfaceOrientationLandscapeRight";
				INFOPLIST_KEY_UISupportedInterfaceOrientations_iPhone = "UIInterfaceOrientationPortrait UIInterfaceOrientationLandscapeLeft UIInterfaceOrientationLandscapeRight";
				LD_RUNPATH_SEARCH_PATHS = (
					"$(inherited)",
					"@executable_path/Frameworks",
				);
				MARKETING_VERSION = 1.0;
				PRODUCT_BUNDLE_IDENTIFIER = com.elementxtech.GenericAPILayer;
				PRODUCT_NAME = "$(TARGET_NAME)";
				SWIFT_EMIT_LOC_STRINGS = YES;
				SWIFT_VERSION = 5.0;
				TARGETED_DEVICE_FAMILY = "1,2";
			};
			name = Release;
		};
/* End XCBuildConfiguration section */

/* Begin XCConfigurationList section */
		A287B04B2B86387000712FA4 /* Build configuration list for PBXProject "GenericAPILayer" */ = {
			isa = XCConfigurationList;
			buildConfigurations = (
				A287B05C2B86387100712FA4 /* Debug */,
				A287B05D2B86387100712FA4 /* Release */,
			);
			defaultConfigurationIsVisible = 0;
			defaultConfigurationName = Release;
		};
		A287B05E2B86387100712FA4 /* Build configuration list for PBXNativeTarget "GenericAPILayer" */ = {
			isa = XCConfigurationList;
			buildConfigurations = (
				A287B05F2B86387100712FA4 /* Debug */,
				A287B0602B86387100712FA4 /* Release */,
			);
			defaultConfigurationIsVisible = 0;
			defaultConfigurationName = Release;
		};
/* End XCConfigurationList section */
	};
	rootObject = A287B0482B86387000712FA4 /* Project object */;
}
